github.com/deining/hugo-test v0.0.0-20240220162512-298cf3e21cd1 h1:r3+LQe4dZ7AV1CrnpZVAN0Vm5QBP1eQVkPEOBiKrRoc=
github.com/deining/hugo-test v0.0.0-20240220162512-298cf3e21cd1/go.mod h1:xEc5+cl3ZvsyJHQgbEzZh9ic1MtegLAk1+qboC2LKdI=
github.com/deining/hugo-test v0.0.0-20240224154229-8a2fa5c92c75 h1:Geellrx5JgLa0NW1yLJWocwqcv2SyAjlp/zO8F57XbY=
github.com/deining/hugo-test v0.0.0-20240224154229-8a2fa5c92c75/go.mod h1:xjPXMS//Zxx2lz5IvFXQN5kxVt4jZZ3X4JakeeaFsX8=
